// !$*UTF8*$!
{
	archiveVersion = 1;
	classes = {
	};
	objectVersion = 56;
	objects = {

/* Begin PBXBuildFile section */
		25755B092AF676CB00B2E0CB /* FetchiOSCodingChallengeApp.swift in Sources */ = {isa = PBXBuildFile; fileRef = 25755B082AF676CB00B2E0CB /* FetchiOSCodingChallengeApp.swift */; };
		25755B0B2AF676CB00B2E0CB /* ContentView.swift in Sources */ = {isa = PBXBuildFile; fileRef = 25755B0A2AF676CB00B2E0CB /* ContentView.swift */; };
		25755B0D2AF676CC00B2E0CB /* Assets.xcassets in Resources */ = {isa = PBXBuildFile; fileRef = 25755B0C2AF676CC00B2E0CB /* Assets.xcassets */; };
		25755B102AF676CC00B2E0CB /* Preview Assets.xcassets in Resources */ = {isa = PBXBuildFile; fileRef = 25755B0F2AF676CC00B2E0CB /* Preview Assets.xcassets */; };
		25755B1A2AF676CC00B2E0CB /* Fetch___iOS_Coding_ChallengeTests.swift in Sources */ = {isa = PBXBuildFile; fileRef = 25755B192AF676CC00B2E0CB /* Fetch___iOS_Coding_ChallengeTests.swift */; };
		25755B242AF676CC00B2E0CB /* Fetch___iOS_Coding_ChallengeUITests.swift in Sources */ = {isa = PBXBuildFile; fileRef = 25755B232AF676CC00B2E0CB /* Fetch___iOS_Coding_ChallengeUITests.swift */; };
		25755B262AF676CC00B2E0CB /* Fetch___iOS_Coding_ChallengeUITestsLaunchTests.swift in Sources */ = {isa = PBXBuildFile; fileRef = 25755B252AF676CC00B2E0CB /* Fetch___iOS_Coding_ChallengeUITestsLaunchTests.swift */; };
		25755B342AF6781F00B2E0CB /* NetWorkManager.swift in Sources */ = {isa = PBXBuildFile; fileRef = 25755B332AF6781F00B2E0CB /* NetWorkManager.swift */; };
		25755B372AF67C1100B2E0CB /* MealsDataViewModel.swift in Sources */ = {isa = PBXBuildFile; fileRef = 25755B362AF67C1100B2E0CB /* MealsDataViewModel.swift */; };
		25755B3A2AF67C9D00B2E0CB /* MealsModel.swift in Sources */ = {isa = PBXBuildFile; fileRef = 25755B392AF67C9D00B2E0CB /* MealsModel.swift */; };
		25755B3D2AF68BCE00B2E0CB /* MealDetailsModel.swift in Sources */ = {isa = PBXBuildFile; fileRef = 25755B3C2AF68BCE00B2E0CB /* MealDetailsModel.swift */; };
		25755B3F2AF68D0D00B2E0CB /* DessertInfoView.swift in Sources */ = {isa = PBXBuildFile; fileRef = 25755B3E2AF68D0D00B2E0CB /* DessertInfoView.swift */; };
		25755B412AF6F31400B2E0CB /* ImageViewModel.swift in Sources */ = {isa = PBXBuildFile; fileRef = 25755B402AF6F31400B2E0CB /* ImageViewModel.swift */; };
		25755B432AF6F34A00B2E0CB /* ImageView.swift in Sources */ = {isa = PBXBuildFile; fileRef = 25755B422AF6F34A00B2E0CB /* ImageView.swift */; };
/* End PBXBuildFile section */

/* Begin PBXContainerItemProxy section */
		25755B162AF676CC00B2E0CB /* PBXContainerItemProxy */ = {
			isa = PBXContainerItemProxy;
			containerPortal = 25755AFD2AF676CB00B2E0CB /* Project object */;
			proxyType = 1;
			remoteGlobalIDString = 25755B042AF676CB00B2E0CB;
			remoteInfo = "Fetch - iOS Coding Challenge";
		};
		25755B202AF676CC00B2E0CB /* PBXContainerItemProxy */ = {
			isa = PBXContainerItemProxy;
			containerPortal = 25755AFD2AF676CB00B2E0CB /* Project object */;
			proxyType = 1;
			remoteGlobalIDString = 25755B042AF676CB00B2E0CB;
			remoteInfo = "Fetch - iOS Coding Challenge";
		};
/* End PBXContainerItemProxy section */

/* Begin PBXFileReference section */
		25755B052AF676CB00B2E0CB /* Fetch - iOS Coding Challenge.app */ = {isa = PBXFileReference; explicitFileType = wrapper.application; includeInIndex = 0; path = "Fetch - iOS Coding Challenge.app"; sourceTree = BUILT_PRODUCTS_DIR; };
		25755B082AF676CB00B2E0CB /* FetchiOSCodingChallengeApp.swift */ = {isa = PBXFileReference; lastKnownFileType = sourcecode.swift; path = FetchiOSCodingChallengeApp.swift; sourceTree = "<group>"; };
		25755B0A2AF676CB00B2E0CB /* ContentView.swift */ = {isa = PBXFileReference; lastKnownFileType = sourcecode.swift; path = ContentView.swift; sourceTree = "<group>"; };
		25755B0C2AF676CC00B2E0CB /* Assets.xcassets */ = {isa = PBXFileReference; lastKnownFileType = folder.assetcatalog; path = Assets.xcassets; sourceTree = "<group>"; };
		25755B0F2AF676CC00B2E0CB /* Preview Assets.xcassets */ = {isa = PBXFileReference; lastKnownFileType = folder.assetcatalog; path = "Preview Assets.xcassets"; sourceTree = "<group>"; };
		25755B152AF676CC00B2E0CB /* Fetch - iOS Coding ChallengeTests.xctest */ = {isa = PBXFileReference; explicitFileType = wrapper.cfbundle; includeInIndex = 0; path = "Fetch - iOS Coding ChallengeTests.xctest"; sourceTree = BUILT_PRODUCTS_DIR; };
		25755B192AF676CC00B2E0CB /* Fetch___iOS_Coding_ChallengeTests.swift */ = {isa = PBXFileReference; lastKnownFileType = sourcecode.swift; path = "Fetch___iOS_Coding_ChallengeTests.swift"; sourceTree = "<group>"; };
		25755B1F2AF676CC00B2E0CB /* Fetch - iOS Coding ChallengeUITests.xctest */ = {isa = PBXFileReference; explicitFileType = wrapper.cfbundle; includeInIndex = 0; path = "Fetch - iOS Coding ChallengeUITests.xctest"; sourceTree = BUILT_PRODUCTS_DIR; };
		25755B232AF676CC00B2E0CB /* Fetch___iOS_Coding_ChallengeUITests.swift */ = {isa = PBXFileReference; lastKnownFileType = sourcecode.swift; path = "Fetch___iOS_Coding_ChallengeUITests.swift"; sourceTree = "<group>"; };
		25755B252AF676CC00B2E0CB /* Fetch___iOS_Coding_ChallengeUITestsLaunchTests.swift */ = {isa = PBXFileReference; lastKnownFileType = sourcecode.swift; path = "Fetch___iOS_Coding_ChallengeUITestsLaunchTests.swift"; sourceTree = "<group>"; };
		25755B332AF6781F00B2E0CB /* NetWorkManager.swift */ = {isa = PBXFileReference; lastKnownFileType = sourcecode.swift; path = NetWorkManager.swift; sourceTree = "<group>"; };
		25755B362AF67C1100B2E0CB /* MealsDataViewModel.swift */ = {isa = PBXFileReference; lastKnownFileType = sourcecode.swift; path = MealsDataViewModel.swift; sourceTree = "<group>"; };
		25755B392AF67C9D00B2E0CB /* MealsModel.swift */ = {isa = PBXFileReference; lastKnownFileType = sourcecode.swift; path = MealsModel.swift; sourceTree = "<group>"; };
		25755B3C2AF68BCE00B2E0CB /* MealDetailsModel.swift */ = {isa = PBXFileReference; lastKnownFileType = sourcecode.swift; path = MealDetailsModel.swift; sourceTree = "<group>"; };
		25755B3E2AF68D0D00B2E0CB /* DessertInfoView.swift */ = {isa = PBXFileReference; lastKnownFileType = sourcecode.swift; path = DessertInfoView.swift; sourceTree = "<group>"; };
		25755B402AF6F31400B2E0CB /* ImageViewModel.swift */ = {isa = PBXFileReference; lastKnownFileType = sourcecode.swift; path = ImageViewModel.swift; sourceTree = "<group>"; };
		25755B422AF6F34A00B2E0CB /* ImageView.swift */ = {isa = PBXFileReference; lastKnownFileType = sourcecode.swift; path = ImageView.swift; sourceTree = "<group>"; };
/* End PBXFileReference section */

/* Begin PBXFrameworksBuildPhase section */
		25755B022AF676CB00B2E0CB /* Frameworks */ = {
			isa = PBXFrameworksBuildPhase;
			buildActionMask = 2147483647;
			files = (
			);
			runOnlyForDeploymentPostprocessing = 0;
		};
		25755B122AF676CC00B2E0CB /* Frameworks */ = {
			isa = PBXFrameworksBuildPhase;
			buildActionMask = 2147483647;
			files = (
			);
			runOnlyForDeploymentPostprocessing = 0;
		};
		25755B1C2AF676CC00B2E0CB /* Frameworks */ = {
			isa = PBXFrameworksBuildPhase;
			buildActionMask = 2147483647;
			files = (
			);
			runOnlyForDeploymentPostprocessing = 0;
		};
/* End PBXFrameworksBuildPhase section */

/* Begin PBXGroup section */
		25755AFC2AF676CB00B2E0CB = {
			isa = PBXGroup;
			children = (
				25755B072AF676CB00B2E0CB /* Fetch - iOS Coding Challenge */,
				25755B182AF676CC00B2E0CB /* Fetch - iOS Coding ChallengeTests */,
				25755B222AF676CC00B2E0CB /* Fetch - iOS Coding ChallengeUITests */,
				25755B062AF676CB00B2E0CB /* Products */,
			);
			sourceTree = "<group>";
		};
		25755B062AF676CB00B2E0CB /* Products */ = {
			isa = PBXGroup;
			children = (
				25755B052AF676CB00B2E0CB /* Fetch - iOS Coding Challenge.app */,
				25755B152AF676CC00B2E0CB /* Fetch - iOS Coding ChallengeTests.xctest */,
				25755B1F2AF676CC00B2E0CB /* Fetch - iOS Coding ChallengeUITests.xctest */,
			);
			name = Products;
			sourceTree = "<group>";
		};
		25755B072AF676CB00B2E0CB /* Fetch - iOS Coding Challenge */ = {
			isa = PBXGroup;
			children = (
				25755B3B2AF6827E00B2E0CB /* Views */,
				25755B382AF67C8F00B2E0CB /* Models */,
				25755B352AF67BE200B2E0CB /* ViewModels */,
				25755B322AF6780000B2E0CB /* NetWorkManager */,
				25755B082AF676CB00B2E0CB /* FetchiOSCodingChallengeApp.swift */,
				25755B0C2AF676CC00B2E0CB /* Assets.xcassets */,
				25755B0E2AF676CC00B2E0CB /* Preview Content */,
			);
			path = "Fetch - iOS Coding Challenge";
			sourceTree = "<group>";
		};
		25755B0E2AF676CC00B2E0CB /* Preview Content */ = {
			isa = PBXGroup;
			children = (
				25755B0F2AF676CC00B2E0CB /* Preview Assets.xcassets */,
			);
			path = "Preview Content";
			sourceTree = "<group>";
		};
		25755B182AF676CC00B2E0CB /* Fetch - iOS Coding ChallengeTests */ = {
			isa = PBXGroup;
			children = (
				25755B192AF676CC00B2E0CB /* Fetch___iOS_Coding_ChallengeTests.swift */,
			);
			path = "Fetch - iOS Coding ChallengeTests";
			sourceTree = "<group>";
		};
		25755B222AF676CC00B2E0CB /* Fetch - iOS Coding ChallengeUITests */ = {
			isa = PBXGroup;
			children = (
				25755B232AF676CC00B2E0CB /* Fetch___iOS_Coding_ChallengeUITests.swift */,
				25755B252AF676CC00B2E0CB /* Fetch___iOS_Coding_ChallengeUITestsLaunchTests.swift */,
			);
			path = "Fetch - iOS Coding ChallengeUITests";
			sourceTree = "<group>";
		};
		25755B322AF6780000B2E0CB /* NetWorkManager */ = {
			isa = PBXGroup;
			children = (
				25755B332AF6781F00B2E0CB /* NetWorkManager.swift */,
			);
			path = NetWorkManager;
			sourceTree = "<group>";
		};
		25755B352AF67BE200B2E0CB /* ViewModels */ = {
			isa = PBXGroup;
			children = (
				25755B362AF67C1100B2E0CB /* MealsDataViewModel.swift */,
				25755B402AF6F31400B2E0CB /* ImageViewModel.swift */,
			);
			path = ViewModels;
			sourceTree = "<group>";
		};
		25755B382AF67C8F00B2E0CB /* Models */ = {
			isa = PBXGroup;
			children = (
				25755B392AF67C9D00B2E0CB /* MealsModel.swift */,
				25755B3C2AF68BCE00B2E0CB /* MealDetailsModel.swift */,
			);
			path = Models;
			sourceTree = "<group>";
		};
		25755B3B2AF6827E00B2E0CB /* Views */ = {
			isa = PBXGroup;
			children = (
				25755B0A2AF676CB00B2E0CB /* ContentView.swift */,
				25755B3E2AF68D0D00B2E0CB /* DessertInfoView.swift */,
				25755B422AF6F34A00B2E0CB /* ImageView.swift */,
			);
			path = Views;
			sourceTree = "<group>";
		};
/* End PBXGroup section */

/* Begin PBXNativeTarget section */
		25755B042AF676CB00B2E0CB /* Fetch - iOS Coding Challenge */ = {
			isa = PBXNativeTarget;
			buildConfigurationList = 25755B292AF676CC00B2E0CB /* Build configuration list for PBXNativeTarget "Fetch - iOS Coding Challenge" */;
			buildPhases = (
				25755B012AF676CB00B2E0CB /* Sources */,
				25755B022AF676CB00B2E0CB /* Frameworks */,
				25755B032AF676CB00B2E0CB /* Resources */,
			);
			buildRules = (
			);
			dependencies = (
			);
			name = "Fetch - iOS Coding Challenge";
			productName = "Fetch - iOS Coding Challenge";
			productReference = 25755B052AF676CB00B2E0CB /* Fetch - iOS Coding Challenge.app */;
			productType = "com.apple.product-type.application";
		};
		25755B142AF676CC00B2E0CB /* Fetch - iOS Coding ChallengeTests */ = {
			isa = PBXNativeTarget;
			buildConfigurationList = 25755B2C2AF676CC00B2E0CB /* Build configuration list for PBXNativeTarget "Fetch - iOS Coding ChallengeTests" */;
			buildPhases = (
				25755B112AF676CC00B2E0CB /* Sources */,
				25755B122AF676CC00B2E0CB /* Frameworks */,
				25755B132AF676CC00B2E0CB /* Resources */,
			);
			buildRules = (
			);
			dependencies = (
				25755B172AF676CC00B2E0CB /* PBXTargetDependency */,
			);
			name = "Fetch - iOS Coding ChallengeTests";
			productName = "Fetch - iOS Coding ChallengeTests";
			productReference = 25755B152AF676CC00B2E0CB /* Fetch - iOS Coding ChallengeTests.xctest */;
			productType = "com.apple.product-type.bundle.unit-test";
		};
		25755B1E2AF676CC00B2E0CB /* Fetch - iOS Coding ChallengeUITests */ = {
			isa = PBXNativeTarget;
			buildConfigurationList = 25755B2F2AF676CC00B2E0CB /* Build configuration list for PBXNativeTarget "Fetch - iOS Coding ChallengeUITests" */;
			buildPhases = (
				25755B1B2AF676CC00B2E0CB /* Sources */,
				25755B1C2AF676CC00B2E0CB /* Frameworks */,
				25755B1D2AF676CC00B2E0CB /* Resources */,
			);
			buildRules = (
			);
			dependencies = (
				25755B212AF676CC00B2E0CB /* PBXTargetDependency */,
			);
			name = "Fetch - iOS Coding ChallengeUITests";
			productName = "Fetch - iOS Coding ChallengeUITests";
			productReference = 25755B1F2AF676CC00B2E0CB /* Fetch - iOS Coding ChallengeUITests.xctest */;
			productType = "com.apple.product-type.bundle.ui-testing";
		};
/* End PBXNativeTarget section */

/* Begin PBXProject section */
		25755AFD2AF676CB00B2E0CB /* Project object */ = {
			isa = PBXProject;
			attributes = {
				BuildIndependentTargetsInParallel = 1;
				LastSwiftUpdateCheck = 1500;
				LastUpgradeCheck = 1500;
				TargetAttributes = {
					25755B042AF676CB00B2E0CB = {
						CreatedOnToolsVersion = 15.0;
					};
					25755B142AF676CC00B2E0CB = {
						CreatedOnToolsVersion = 15.0;
						TestTargetID = 25755B042AF676CB00B2E0CB;
					};
					25755B1E2AF676CC00B2E0CB = {
						CreatedOnToolsVersion = 15.0;
						TestTargetID = 25755B042AF676CB00B2E0CB;
					};
				};
			};
			buildConfigurationList = 25755B002AF676CB00B2E0CB /* Build configuration list for PBXProject "Fetch - iOS Coding Challenge" */;
			compatibilityVersion = "Xcode 14.0";
			developmentRegion = en;
			hasScannedForEncodings = 0;
			knownRegions = (
				en,
				Base,
			);
			mainGroup = 25755AFC2AF676CB00B2E0CB;
			productRefGroup = 25755B062AF676CB00B2E0CB /* Products */;
			projectDirPath = "";
			projectRoot = "";
			targets = (
				25755B042AF676CB00B2E0CB /* Fetch - iOS Coding Challenge */,
				25755B142AF676CC00B2E0CB /* Fetch - iOS Coding ChallengeTests */,
				25755B1E2AF676CC00B2E0CB /* Fetch - iOS Coding ChallengeUITests */,
			);
		};
/* End PBXProject section */

/* Begin PBXResourcesBuildPhase section */
		25755B032AF676CB00B2E0CB /* Resources */ = {
			isa = PBXResourcesBuildPhase;
			buildActionMask = 2147483647;
			files = (
				25755B102AF676CC00B2E0CB /* Preview Assets.xcassets in Resources */,
				25755B0D2AF676CC00B2E0CB /* Assets.xcassets in Resources */,
			);
			runOnlyForDeploymentPostprocessing = 0;
		};
		25755B132AF676CC00B2E0CB /* Resources */ = {
			isa = PBXResourcesBuildPhase;
			buildActionMask = 2147483647;
			files = (
			);
			runOnlyForDeploymentPostprocessing = 0;
		};
		25755B1D2AF676CC00B2E0CB /* Resources */ = {
			isa = PBXResourcesBuildPhase;
			buildActionMask = 2147483647;
			files = (
			);
			runOnlyForDeploymentPostprocessing = 0;
		};
/* End PBXResourcesBuildPhase section */

/* Begin PBXSourcesBuildPhase section */
		25755B012AF676CB00B2E0CB /* Sources */ = {
			isa = PBXSourcesBuildPhase;
			buildActionMask = 2147483647;
			files = (
				25755B3F2AF68D0D00B2E0CB /* DessertInfoView.swift in Sources */,
				25755B0B2AF676CB00B2E0CB /* ContentView.swift in Sources */,
				25755B3D2AF68BCE00B2E0CB /* MealDetailsModel.swift in Sources */,
				25755B3A2AF67C9D00B2E0CB /* MealsModel.swift in Sources */,
				25755B092AF676CB00B2E0CB /* FetchiOSCodingChallengeApp.swift in Sources */,
				25755B342AF6781F00B2E0CB /* NetWorkManager.swift in Sources */,
				25755B432AF6F34A00B2E0CB /* ImageView.swift in Sources */,
				25755B412AF6F31400B2E0CB /* ImageViewModel.swift in Sources */,
				25755B372AF67C1100B2E0CB /* MealsDataViewModel.swift in Sources */,
			);
			runOnlyForDeploymentPostprocessing = 0;
		};
		25755B112AF676CC00B2E0CB /* Sources */ = {
			isa = PBXSourcesBuildPhase;
			buildActionMask = 2147483647;
			files = (
				25755B1A2AF676CC00B2E0CB /* Fetch___iOS_Coding_ChallengeTests.swift in Sources */,
			);
			runOnlyForDeploymentPostprocessing = 0;
		};
		25755B1B2AF676CC00B2E0CB /* Sources */ = {
			isa = PBXSourcesBuildPhase;
			buildActionMask = 2147483647;
			files = (
				25755B242AF676CC00B2E0CB /* Fetch___iOS_Coding_ChallengeUITests.swift in Sources */,
				25755B262AF676CC00B2E0CB /* Fetch___iOS_Coding_ChallengeUITestsLaunchTests.swift in Sources */,
			);
			runOnlyForDeploymentPostprocessing = 0;
		};
/* End PBXSourcesBuildPhase section */

/* Begin PBXTargetDependency section */
		25755B172AF676CC00B2E0CB /* PBXTargetDependency */ = {
			isa = PBXTargetDependency;
			target = 25755B042AF676CB00B2E0CB /* Fetch - iOS Coding Challenge */;
			targetProxy = 25755B162AF676CC00B2E0CB /* PBXContainerItemProxy */;
		};
		25755B212AF676CC00B2E0CB /* PBXTargetDependency */ = {
			isa = PBXTargetDependency;
			target = 25755B042AF676CB00B2E0CB /* Fetch - iOS Coding Challenge */;
			targetProxy = 25755B202AF676CC00B2E0CB /* PBXContainerItemProxy */;
		};
/* End PBXTargetDependency section */

/* Begin XCBuildConfiguration section */
		25755B272AF676CC00B2E0CB /* Debug */ = {
			isa = XCBuildConfiguration;
			buildSettings = {
				ALWAYS_SEARCH_USER_PATHS = NO;
				ASSETCATALOG_COMPILER_GENERATE_SWIFT_ASSET_SYMBOL_EXTENSIONS = YES;
				CLANG_ANALYZER_NONNULL = YES;
				CLANG_ANALYZER_NUMBER_OBJECT_CONVERSION = YES_AGGRESSIVE;
				CLANG_CXX_LANGUAGE_STANDARD = "gnu++20";
				CLANG_ENABLE_MODULES = YES;
				CLANG_ENABLE_OBJC_ARC = YES;
				CLANG_ENABLE_OBJC_WEAK = YES;
				CLANG_WARN_BLOCK_CAPTURE_AUTORELEASING = YES;
				CLANG_WARN_BOOL_CONVERSION = YES;
				CLANG_WARN_COMMA = YES;
				CLANG_WARN_CONSTANT_CONVERSION = YES;
				CLANG_WARN_DEPRECATED_OBJC_IMPLEMENTATIONS = YES;
				CLANG_WARN_DIRECT_OBJC_ISA_USAGE = YES_ERROR;
				CLANG_WARN_DOCUMENTATION_COMMENTS = YES;
				CLANG_WARN_EMPTY_BODY = YES;
				CLANG_WARN_ENUM_CONVERSION = YES;
				CLANG_WARN_INFINITE_RECURSION = YES;
				CLANG_WARN_INT_CONVERSION = YES;
				CLANG_WARN_NON_LITERAL_NULL_CONVERSION = YES;
				CLANG_WARN_OBJC_IMPLICIT_RETAIN_SELF = YES;
				CLANG_WARN_OBJC_LITERAL_CONVERSION = YES;
				CLANG_WARN_OBJC_ROOT_CLASS = YES_ERROR;
				CLANG_WARN_QUOTED_INCLUDE_IN_FRAMEWORK_HEADER = YES;
				CLANG_WARN_RANGE_LOOP_ANALYSIS = YES;
				CLANG_WARN_STRICT_PROTOTYPES = YES;
				CLANG_WARN_SUSPICIOUS_MOVE = YES;
				CLANG_WARN_UNGUARDED_AVAILABILITY = YES_AGGRESSIVE;
				CLANG_WARN_UNREACHABLE_CODE = YES;
				CLANG_WARN__DUPLICATE_METHOD_MATCH = YES;
				COPY_PHASE_STRIP = NO;
				DEBUG_INFORMATION_FORMAT = dwarf;
				ENABLE_STRICT_OBJC_MSGSEND = YES;
				ENABLE_TESTABILITY = YES;
				ENABLE_USER_SCRIPT_SANDBOXING = YES;
				GCC_C_LANGUAGE_STANDARD = gnu17;
				GCC_DYNAMIC_NO_PIC = NO;
				GCC_NO_COMMON_BLOCKS = YES;
				GCC_OPTIMIZATION_LEVEL = 0;
				GCC_PREPROCESSOR_DEFINITIONS = (
					"DEBUG=1",
					"$(inherited)",
				);
				GCC_WARN_64_TO_32_BIT_CONVERSION = YES;
				GCC_WARN_ABOUT_RETURN_TYPE = YES_ERROR;
				GCC_WARN_UNDECLARED_SELECTOR = YES;
				GCC_WARN_UNINITIALIZED_AUTOS = YES_AGGRESSIVE;
				GCC_WARN_UNUSED_FUNCTION = YES;
				GCC_WARN_UNUSED_VARIABLE = YES;
				IPHONEOS_DEPLOYMENT_TARGET = 17.0;
				LOCALIZATION_PREFERS_STRING_CATALOGS = YES;
				MTL_ENABLE_DEBUG_INFO = INCLUDE_SOURCE;
				MTL_FAST_MATH = YES;
				ONLY_ACTIVE_ARCH = YES;
				SDKROOT = iphoneos;
				SWIFT_ACTIVE_COMPILATION_CONDITIONS = "DEBUG $(inherited)";
				SWIFT_OPTIMIZATION_LEVEL = "-Onone";
			};
			name = Debug;
		};
		25755B282AF676CC00B2E0CB /* Release */ = {
			isa = XCBuildConfiguration;
			buildSettings = {
				ALWAYS_SEARCH_USER_PATHS = NO;
				ASSETCATALOG_COMPILER_GENERATE_SWIFT_ASSET_SYMBOL_EXTENSIONS = YES;
				CLANG_ANALYZER_NONNULL = YES;
				CLANG_ANALYZER_NUMBER_OBJECT_CONVERSION = YES_AGGRESSIVE;
				CLANG_CXX_LANGUAGE_STANDARD = "gnu++20";
				CLANG_ENABLE_MODULES = YES;
				CLANG_ENABLE_OBJC_ARC = YES;
				CLANG_ENABLE_OBJC_WEAK = YES;
				CLANG_WARN_BLOCK_CAPTURE_AUTORELEASING = YES;
				CLANG_WARN_BOOL_CONVERSION = YES;
				CLANG_WARN_COMMA = YES;
				CLANG_WARN_CONSTANT_CONVERSION = YES;
				CLANG_WARN_DEPRECATED_OBJC_IMPLEMENTATIONS = YES;
				CLANG_WARN_DIRECT_OBJC_ISA_USAGE = YES_ERROR;
				CLANG_WARN_DOCUMENTATION_COMMENTS = YES;
				CLANG_WARN_EMPTY_BODY = YES;
				CLANG_WARN_ENUM_CONVERSION = YES;
				CLANG_WARN_INFINITE_RECURSION = YES;
				CLANG_WARN_INT_CONVERSION = YES;
				CLANG_WARN_NON_LITERAL_NULL_CONVERSION = YES;
				CLANG_WARN_OBJC_IMPLICIT_RETAIN_SELF = YES;
				CLANG_WARN_OBJC_LITERAL_CONVERSION = YES;
				CLANG_WARN_OBJC_ROOT_CLASS = YES_ERROR;
				CLANG_WARN_QUOTED_INCLUDE_IN_FRAMEWORK_HEADER = YES;
				CLANG_WARN_RANGE_LOOP_ANALYSIS = YES;
				CLANG_WARN_STRICT_PROTOTYPES = YES;
				CLANG_WARN_SUSPICIOUS_MOVE = YES;
				CLANG_WARN_UNGUARDED_AVAILABILITY = YES_AGGRESSIVE;
				CLANG_WARN_UNREACHABLE_CODE = YES;
				CLANG_WARN__DUPLICATE_METHOD_MATCH = YES;
				COPY_PHASE_STRIP = NO;
				DEBUG_INFORMATION_FORMAT = "dwarf-with-dsym";
				ENABLE_NS_ASSERTIONS = NO;
				ENABLE_STRICT_OBJC_MSGSEND = YES;
				ENABLE_USER_SCRIPT_SANDBOXING = YES;
				GCC_C_LANGUAGE_STANDARD = gnu17;
				GCC_NO_COMMON_BLOCKS = YES;
				GCC_WARN_64_TO_32_BIT_CONVERSION = YES;
				GCC_WARN_ABOUT_RETURN_TYPE = YES_ERROR;
				GCC_WARN_UNDECLARED_SELECTOR = YES;
				GCC_WARN_UNINITIALIZED_AUTOS = YES_AGGRESSIVE;
				GCC_WARN_UNUSED_FUNCTION = YES;
				GCC_WARN_UNUSED_VARIABLE = YES;
				IPHONEOS_DEPLOYMENT_TARGET = 17.0;
				LOCALIZATION_PREFERS_STRING_CATALOGS = YES;
				MTL_ENABLE_DEBUG_INFO = NO;
				MTL_FAST_MATH = YES;
				SDKROOT = iphoneos;
				SWIFT_COMPILATION_MODE = wholemodule;
				VALIDATE_PRODUCT = YES;
			};
			name = Release;
		};
		25755B2A2AF676CC00B2E0CB /* Debug */ = {
			isa = XCBuildConfiguration;
			buildSettings = {
				ASSETCATALOG_COMPILER_APPICON_NAME = AppIcon;
				ASSETCATALOG_COMPILER_GLOBAL_ACCENT_COLOR_NAME = AccentColor;
				CODE_SIGN_STYLE = Automatic;
				CURRENT_PROJECT_VERSION = 1;
				DEVELOPMENT_ASSET_PATHS = "\"Fetch - iOS Coding Challenge/Preview Content\"";
				ENABLE_PREVIEWS = YES;
				GENERATE_INFOPLIST_FILE = YES;
				INFOPLIST_KEY_UIApplicationSceneManifest_Generation = YES;
				INFOPLIST_KEY_UIApplicationSupportsIndirectInputEvents = YES;
				INFOPLIST_KEY_UILaunchScreen_Generation = YES;
				INFOPLIST_KEY_UISupportedInterfaceOrientations_iPad = "UIInterfaceOrientationPortrait UIInterfaceOrientationPortraitUpsideDown UIInterfaceOrientationLandscapeLeft UIInterfaceOrientationLandscapeRight";
				INFOPLIST_KEY_UISupportedInterfaceOrientations_iPhone = "UIInterfaceOrientationPortrait UIInterfaceOrientationLandscapeLeft UIInterfaceOrientationLandscapeRight";
				LD_RUNPATH_SEARCH_PATHS = (
					"$(inherited)",
					"@executable_path/Frameworks",
				);
				MARKETING_VERSION = 1.0;
				PRODUCT_BUNDLE_IDENTIFIER = "ai.mimio.Fetch---iOS-Coding-Challenge";
				PRODUCT_NAME = "$(TARGET_NAME)";
				SWIFT_EMIT_LOC_STRINGS = YES;
				SWIFT_VERSION = 5.0;
				TARGETED_DEVICE_FAMILY = "1,2";
			};
			name = Debug;
		};
		25755B2B2AF676CC00B2E0CB /* Release */ = {
			isa = XCBuildConfiguration;
			buildSettings = {
				ASSETCATALOG_COMPILER_APPICON_NAME = AppIcon;
				ASSETCATALOG_COMPILER_GLOBAL_ACCENT_COLOR_NAME = AccentColor;
				CODE_SIGN_STYLE = Automatic;
				CURRENT_PROJECT_VERSION = 1;
				DEVELOPMENT_ASSET_PATHS = "\"Fetch - iOS Coding Challenge/Preview Content\"";
				ENABLE_PREVIEWS = YES;
				GENERATE_INFOPLIST_FILE = YES;
				INFOPLIST_KEY_UIApplicationSceneManifest_Generation = YES;
				INFOPLIST_KEY_UIApplicationSupportsIndirectInputEvents = YES;
				INFOPLIST_KEY_UILaunchScreen_Generation = YES;
				INFOPLIST_KEY_UISupportedInterfaceOrientations_iPad = "UIInterfaceOrientationPortrait UIInterfaceOrientationPortraitUpsideDown UIInterfaceOrientationLandscapeLeft UIInterfaceOrientationLandscapeRight";
				INFOPLIST_KEY_UISupportedInterfaceOrientations_iPhone = "UIInterfaceOrientationPortrait UIInterfaceOrientationLandscapeLeft UIInterfaceOrientationLandscapeRight";
				LD_RUNPATH_SEARCH_PATHS = (
					"$(inherited)",
					"@executable_path/Frameworks",
				);
				MARKETING_VERSION = 1.0;
				PRODUCT_BUNDLE_IDENTIFIER = "ai.mimio.Fetch---iOS-Coding-Challenge";
				PRODUCT_NAME = "$(TARGET_NAME)";
				SWIFT_EMIT_LOC_STRINGS = YES;
				SWIFT_VERSION = 5.0;
				TARGETED_DEVICE_FAMILY = "1,2";
			};
			name = Release;
		};
		25755B2D2AF676CC00B2E0CB /* Debug */ = {
			isa = XCBuildConfiguration;
			buildSettings = {
				ALWAYS_EMBED_SWIFT_STANDARD_LIBRARIES = YES;
				BUNDLE_LOADER = "$(TEST_HOST)";
				CODE_SIGN_STYLE = Automatic;
				CURRENT_PROJECT_VERSION = 1;
				GENERATE_INFOPLIST_FILE = YES;
				IPHONEOS_DEPLOYMENT_TARGET = 17.0;
				MARKETING_VERSION = 1.0;
				PRODUCT_BUNDLE_IDENTIFIER = "ai.mimio.Fetch---iOS-Coding-ChallengeTests";
				PRODUCT_NAME = "$(TARGET_NAME)";
				SWIFT_EMIT_LOC_STRINGS = NO;
				SWIFT_VERSION = 5.0;
				TARGETED_DEVICE_FAMILY = "1,2";
				TEST_HOST = "$(BUILT_PRODUCTS_DIR)/Fetch - iOS Coding Challenge.app/$(BUNDLE_EXECUTABLE_FOLDER_PATH)/Fetch - iOS Coding Challenge";
			};
			name = Debug;
		};
		25755B2E2AF676CC00B2E0CB /* Release */ = {
			isa = XCBuildConfiguration;
			buildSettings = {
				ALWAYS_EMBED_SWIFT_STANDARD_LIBRARIES = YES;
				BUNDLE_LOADER = "$(TEST_HOST)";
				CODE_SIGN_STYLE = Automatic;
				CURRENT_PROJECT_VERSION = 1;
				GENERATE_INFOPLIST_FILE = YES;
				IPHONEOS_DEPLOYMENT_TARGET = 17.0;
				MARKETING_VERSION = 1.0;
				PRODUCT_BUNDLE_IDENTIFIER = "ai.mimio.Fetch---iOS-Coding-ChallengeTests";
				PRODUCT_NAME = "$(TARGET_NAME)";
				SWIFT_EMIT_LOC_STRINGS = NO;
				SWIFT_VERSION = 5.0;
				TARGETED_DEVICE_FAMILY = "1,2";
				TEST_HOST = "$(BUILT_PRODUCTS_DIR)/Fetch - iOS Coding Challenge.app/$(BUNDLE_EXECUTABLE_FOLDER_PATH)/Fetch - iOS Coding Challenge";
			};
			name = Release;
		};
		25755B302AF676CC00B2E0CB /* Debug */ = {
			isa = XCBuildConfiguration;
			buildSettings = {
				ALWAYS_EMBED_SWIFT_STANDARD_LIBRARIES = YES;
				CODE_SIGN_STYLE = Automatic;
				CURRENT_PROJECT_VERSION = 1;
				GENERATE_INFOPLIST_FILE = YES;
				MARKETING_VERSION = 1.0;
				PRODUCT_BUNDLE_IDENTIFIER = "ai.mimio.Fetch---iOS-Coding-ChallengeUITests";
				PRODUCT_NAME = "$(TARGET_NAME)";
				SWIFT_EMIT_LOC_STRINGS = NO;
				SWIFT_VERSION = 5.0;
				TARGETED_DEVICE_FAMILY = "1,2";
				TEST_TARGET_NAME = "Fetch - iOS Coding Challenge";
			};
			name = Debug;
		};
		25755B312AF676CC00B2E0CB /* Release */ = {
			isa = XCBuildConfiguration;
			buildSettings = {
				ALWAYS_EMBED_SWIFT_STANDARD_LIBRARIES = YES;
				CODE_SIGN_STYLE = Automatic;
				CURRENT_PROJECT_VERSION = 1;
				GENERATE_INFOPLIST_FILE = YES;
				MARKETING_VERSION = 1.0;
				PRODUCT_BUNDLE_IDENTIFIER = "ai.mimio.Fetch---iOS-Coding-ChallengeUITests";
				PRODUCT_NAME = "$(TARGET_NAME)";
				SWIFT_EMIT_LOC_STRINGS = NO;
				SWIFT_VERSION = 5.0;
				TARGETED_DEVICE_FAMILY = "1,2";
				TEST_TARGET_NAME = "Fetch - iOS Coding Challenge";
			};
			name = Release;
		};
/* End XCBuildConfiguration section */

/* Begin XCConfigurationList section */
		25755B002AF676CB00B2E0CB /* Build configuration list for PBXProject "Fetch - iOS Coding Challenge" */ = {
			isa = XCConfigurationList;
			buildConfigurations = (
				25755B272AF676CC00B2E0CB /* Debug */,
				25755B282AF676CC00B2E0CB /* Release */,
			);
			defaultConfigurationIsVisible = 0;
			defaultConfigurationName = Release;
		};
		25755B292AF676CC00B2E0CB /* Build configuration list for PBXNativeTarget "Fetch - iOS Coding Challenge" */ = {
			isa = XCConfigurationList;
			buildConfigurations = (
				25755B2A2AF676CC00B2E0CB /* Debug */,
				25755B2B2AF676CC00B2E0CB /* Release */,
			);
			defaultConfigurationIsVisible = 0;
			defaultConfigurationName = Release;
		};
		25755B2C2AF676CC00B2E0CB /* Build configuration list for PBXNativeTarget "Fetch - iOS Coding ChallengeTests" */ = {
			isa = XCConfigurationList;
			buildConfigurations = (
				25755B2D2AF676CC00B2E0CB /* Debug */,
				25755B2E2AF676CC00B2E0CB /* Release */,
			);
			defaultConfigurationIsVisible = 0;
			defaultConfigurationName = Release;
		};
		25755B2F2AF676CC00B2E0CB /* Build configuration list for PBXNativeTarget "Fetch - iOS Coding ChallengeUITests" */ = {
			isa = XCConfigurationList;
			buildConfigurations = (
				25755B302AF676CC00B2E0CB /* Debug */,
				25755B312AF676CC00B2E0CB /* Release */,
			);
			defaultConfigurationIsVisible = 0;
			defaultConfigurationName = Release;
		};
/* End XCConfigurationList section */
	};
	rootObject = 25755AFD2AF676CB00B2E0CB /* Project object */;
}
